
Microsoft Visual Studio Solution File, Format Version 12.00
# Visual Studio Version 16
VisualStudioVersion = 16.0.30225.117
MinimumVisualStudioVersion = 10.0.40219.1
Project("{FAE04EC0-301F-11D3-BF4B-00C04F79EFBC}") = "ParentAndDaughterCompany", "ParentAndDaughterCompany\ParentAndDaughterCompany.csproj", "{CCAA049C-CAFC-4C89-AB46-4172D9CFE35D}"
EndProject
Global
	GlobalSection(SolutionConfigurationPlatforms) = preSolution
		Debug|Any CPU = Debug|Any CPU
		Release|Any CPU = Release|Any CPU
	EndGlobalSection
	GlobalSection(ProjectConfigurationPlatforms) = postSolution
		{CCAA049C-CAFC-4C89-AB46-4172D9CFE35D}.Debug|Any CPU.ActiveCfg = Debug|Any CPU
		{CCAA049C-CAFC-4C89-AB46-4172D9CFE35D}.Debug|Any CPU.Build.0 = Debug|Any CPU
		{CCAA049C-CAFC-4C89-AB46-4172D9CFE35D}.Release|Any CPU.ActiveCfg = Release|Any CPU
		{CCAA049C-CAFC-4C89-AB46-4172D9CFE35D}.Release|Any CPU.Build.0 = Release|Any CPU
	EndGlobalSection
	GlobalSection(SolutionProperties) = preSolution
		HideSolutionNode = FALSE
	EndGlobalSection
	GlobalSection(ExtensibilityGlobals) = postSolution
		SolutionGuid = {B0EAE310-9CAA-46C3-8710-E64EC9A3BAAD}
	EndGlobalSection
EndGlobal
